<?xml version="1.0" encoding="utf-8"?>
<Project ToolsVersion="4.0" xmlns="http://schemas.microsoft.com/developer/msbuild/2003">
  <ItemGroup>
    <Filter Include="Source Files">
      <UniqueIdentifier>{4FC737F1-C7A5-4376-A066-2A32D752A2FF}</UniqueIdentifier>
      <Extensions>cpp;c;cc;cxx;def;odl;idl;hpj;bat;asm;asmx</Extensions>
    </Filter>
    <Filter Include="Header Files">
      <UniqueIdentifier>{93995380-89BD-4b04-88EB-625FBE52EBFB}</UniqueIdentifier>
      <Extensions>h;hh;hpp;hxx;hm;inl;inc;xsd</Extensions>
    </Filter>
    <Filter Include="Resource Files">
      <UniqueIdentifier>{67DA6AB6-F800-4c08-8B7A-83BB121AAD01}</UniqueIdentifier>
      <Extensions>rc;ico;cur;bmp;dlg;rc2;rct;bin;rgs;gif;jpg;jpeg;jpe;resx;tiff;tif;png;wav;mfcribbon-ms</Extensions>
    </Filter>
    <Filter Include="Header Files\Engine-game-interface">
      <UniqueIdentifier>{58158271-da8f-4200-94b1-b23d22158c56}</UniqueIdentifier>
    </Filter>
    <Filter Include="Header Files\Graphics">
      <UniqueIdentifier>{3fe2233c-4a4f-41b1-acbe-e85d62276186}</UniqueIdentifier>
    </Filter>
    <Filter Include="Source Files\Graphics">
      <UniqueIdentifier>{fd80efab-a2d5-4133-a50c-14a9362b7c37}</UniqueIdentifier>
    </Filter>
    <Filter Include="Source Files\Engine-game-interface">
      <UniqueIdentifier>{43ef7208-bc9c-4127-962e-3bf9ebde2d6b}</UniqueIdentifier>
    </Filter>
    <Filter Include="Source Files\Input">
      <UniqueIdentifier>{c1892cd5-e825-4a75-9e5d-a47614a9f33e}</UniqueIdentifier>
    </Filter>
    <Filter Include="Header Files\Input">
      <UniqueIdentifier>{9d9b7015-e7f2-41e7-a52a-6e76f812701c}</UniqueIdentifier>
    </Filter>
    <Filter Include="Header Files\UI">
      <UniqueIdentifier>{950b7e09-beb8-4afe-80a8-f515d0d8c0e2}</UniqueIdentifier>
    </Filter>
    <Filter Include="Source Files\UI">
      <UniqueIdentifier>{244d2de9-e6ad-49b9-94a9-dd080958554b}</UniqueIdentifier>
    </Filter>
  </ItemGroup>
  <ItemGroup>
    <Text Include="ReadMe.txt" />
    <Text Include="FirstInstructions.txt" />
  </ItemGroup>
  <ItemGroup>
    <ClInclude Include="CGame.h">
      <Filter>Header Files\Engine-game-interface</Filter>
    </ClInclude>
    <ClInclude Include="CState.h">
      <Filter>Header Files\Engine-game-interface</Filter>
    </ClInclude>
    <ClInclude Include="CStateFactory.h">
      <Filter>Header Files\Engine-game-interface</Filter>
    </ClInclude>
    <ClInclude Include="CStateMachine.h">
      <Filter>Header Files\Engine-game-interface</Filter>
    </ClInclude>
    <ClInclude Include="CD2DRenderer.h">
      <Filter>Header Files\Graphics</Filter>
    </ClInclude>
    <ClInclude Include="CInput.h">
      <Filter>Header Files\Input</Filter>
    </ClInclude>
    <ClInclude Include="CObserver.h">
      <Filter>Header Files\Input</Filter>
    </ClInclude>
    <ClInclude Include="CSubject.h">
      <Filter>Header Files\Input</Filter>
    </ClInclude>
    <ClInclude Include="CUIElement.h">
      <Filter>Header Files\UI</Filter>
    </ClInclude>
    <ClInclude Include="CUIButton.h">
      <Filter>Header Files\UI</Filter>
    </ClInclude>
    <ClInclude Include="CUICheckbox.h">
      <Filter>Header Files\UI</Filter>
    </ClInclude>
    <ClInclude Include="CUITextBox.h">
      <Filter>Header Files\UI</Filter>
    </ClInclude>
    <ClInclude Include="VerrevEngine2D.h">
      <Filter>Header Files</Filter>
    </ClInclude>
  </ItemGroup>
  <ItemGroup>
    <ClCompile Include="CGame.cpp">
      <Filter>Source Files\Engine-game-interface</Filter>
    </ClCompile>
    <ClCompile Include="CStateMachine.cpp">
      <Filter>Source Files\Engine-game-interface</Filter>
    </ClCompile>
    <ClCompile Include="CD2DRenderer.cpp">
      <Filter>Source Files\Graphics</Filter>
    </ClCompile>
    <ClCompile Include="CInput.cpp">
      <Filter>Source Files\Input</Filter>
    </ClCompile>
    <ClCompile Include="CUIButton.cpp">
      <Filter>Source Files\UI</Filter>
    </ClCompile>
    <ClCompile Include="CUICheckbox.cpp">
      <Filter>Source Files\UI</Filter>
    </ClCompile>
    <ClCompile Include="CUITextBox.cpp">
      <Filter>Source Files\UI</Filter>
    </ClCompile>
  </ItemGroup>
</Project>